
Microsoft Visual Studio Solution File, Format Version 12.00
# Visual Studio 15
VisualStudioVersion = 15.0.28307.136
MinimumVisualStudioVersion = 10.0.40219.1
Project("{FAE04EC0-301F-11D3-BF4B-00C04F79EFBC}") = "DegerlendirmeSoruları", "DegerlendirmeSoruları\DegerlendirmeSoruları.csproj", "{4154310F-6102-40BB-83A6-3D73DD8BCD3C}"
EndProject
Global
	GlobalSection(SolutionConfigurationPlatforms) = preSolution
		Debug|Any CPU = Debug|Any CPU
		Release|Any CPU = Release|Any CPU
	EndGlobalSection
	GlobalSection(ProjectConfigurationPlatforms) = postSolution
		{4154310F-6102-40BB-83A6-3D73DD8BCD3C}.Debug|Any CPU.ActiveCfg = Debug|Any CPU
		{4154310F-6102-40BB-83A6-3D73DD8BCD3C}.Debug|Any CPU.Build.0 = Debug|Any CPU
		{4154310F-6102-40BB-83A6-3D73DD8BCD3C}.Release|Any CPU.ActiveCfg = Release|Any CPU
		{4154310F-6102-40BB-83A6-3D73DD8BCD3C}.Release|Any CPU.Build.0 = Release|Any CPU
	EndGlobalSection
	GlobalSection(SolutionProperties) = preSolution
		HideSolutionNode = FALSE
	EndGlobalSection
	GlobalSection(ExtensibilityGlobals) = postSolution
		SolutionGuid = {2EBDEAE3-2349-4BA0-AE51-46DDD59BC4E4}
	EndGlobalSection
EndGlobal
